lockfileVersion: '9.0'

settings:
  autoInstallPeers: true
  excludeLinksFromLockfile: false

importers:

  .:
    dependencies:
      '@mbler/mcx':
        specifier: 0.0.2-beta.r7
        version: 0.0.2-beta.r7
      '@minecraft/server':
        specifier: 2.0.0
        version: 2.0.0(@minecraft/vanilla-data@1.26.13)

packages:

  '@mbler/mcx@0.0.2-beta.r7':
    resolution: {integrity: sha512-SPJkyyW0Nr5mb6SlLFC+CqLZ5fiMHabGJWVR1mlSQNu17Pzn/sYZMIA8Kqnwk/lQ06G0E3An4Vbs3zvuwZUWig==}

  '@minecraft/common@1.2.0':
    resolution: {integrity: sha512-JdmEq4P3Z/FtoBzhLijFgMSVFnFRrUoLwY8DHHrgtFo0mfLTOLTB1RErYjLMsA6b7BGVNxkX/pfFRiH7QZ0XwQ==}

  '@minecraft/server@2.0.0':
    resolution: {integrity: sha512-X2LmT82eO0oCjOFaFgg6zoGenAUSyrG+YvIbe7/FSPj9hpMt4BtOIs7axoQUUvMx2NNbq8uEsnQadMMrDDBmUA==}
    peerDependencies:
      '@minecraft/vanilla-data': '>=1.20.70'

  '@minecraft/vanilla-data@1.26.13':
    resolution: {integrity: sha512-Mll1g5vX84iJ2PjJM5KKJ9V9gH8haJtIhSqywn/FlZN9IN0fn4MFWyjC43xNLh/COWgZfVgB7XAA7fGsEt60MQ==}

snapshots:

  '@mbler/mcx@0.0.2-beta.r7': {}

  '@minecraft/common@1.2.0': {}

  '@minecraft/server@2.0.0(@minecraft/vanilla-data@1.26.13)':
    dependencies:
      '@minecraft/common': 1.2.0
      '@minecraft/vanilla-data': 1.26.13

  '@minecraft/vanilla-data@1.26.13': {}
